
Microsoft Visual Studio Solution File, Format Version 12.00
# Visual Studio Version 17
VisualStudioVersion = 17.5.33530.505
MinimumVisualStudioVersion = 10.0.40219.1
Project("{FAE04EC0-301F-11D3-BF4B-00C04F79EFBC}") = "CertificateManagementClient", "CertificateManagementClient\CertificateManagementClient.csproj", "{AA5C7982-78E7-419E-B721-17C30C17326F}"
EndProject
Global
	GlobalSection(SolutionConfigurationPlatforms) = preSolution
		Debug|Any CPU = Debug|Any CPU
		Release|Any CPU = Release|Any CPU
	EndGlobalSection
	GlobalSection(ProjectConfigurationPlatforms) = postSolution
		{AA5C7982-78E7-419E-B721-17C30C17326F}.Debug|Any CPU.ActiveCfg = Debug|Any CPU
		{AA5C7982-78E7-419E-B721-17C30C17326F}.Debug|Any CPU.Build.0 = Debug|Any CPU
		{AA5C7982-78E7-419E-B721-17C30C17326F}.Release|Any CPU.ActiveCfg = Release|Any CPU
		{AA5C7982-78E7-419E-B721-17C30C17326F}.Release|Any CPU.Build.0 = Release|Any CPU
	EndGlobalSection
	GlobalSection(SolutionProperties) = preSolution
		HideSolutionNode = FALSE
	EndGlobalSection
	GlobalSection(ExtensibilityGlobals) = postSolution
		SolutionGuid = {939A8430-D8A8-4519-B4D3-F877AE23FADC}
	EndGlobalSection
EndGlobal
