
Microsoft Visual Studio Solution File, Format Version 12.00
# Visual Studio Version 17
VisualStudioVersion = 17.5.33530.505
MinimumVisualStudioVersion = 10.0.40219.1
Project("{FAE04EC0-301F-11D3-BF4B-00C04F79EFBC}") = "EmployeeCertificateManagement.API", "EmployeeCertificateManagement.API\EmployeeCertificateManagement.API.csproj", "{F734316D-D47F-497C-A297-CE6C2E83A004}"
EndProject
Project("{FAE04EC0-301F-11D3-BF4B-00C04F79EFBC}") = "EmployeeCertificateManagement.Library", "EmployeeCertificateManagement.Library\EmployeeCertificateManagement.Library.csproj", "{D9CC9662-C4AD-4688-A886-8EA35252BCC7}"
EndProject
Global
	GlobalSection(SolutionConfigurationPlatforms) = preSolution
		Debug|Any CPU = Debug|Any CPU
		Release|Any CPU = Release|Any CPU
	EndGlobalSection
	GlobalSection(ProjectConfigurationPlatforms) = postSolution
		{F734316D-D47F-497C-A297-CE6C2E83A004}.Debug|Any CPU.ActiveCfg = Debug|Any CPU
		{F734316D-D47F-497C-A297-CE6C2E83A004}.Debug|Any CPU.Build.0 = Debug|Any CPU
		{F734316D-D47F-497C-A297-CE6C2E83A004}.Release|Any CPU.ActiveCfg = Release|Any CPU
		{F734316D-D47F-497C-A297-CE6C2E83A004}.Release|Any CPU.Build.0 = Release|Any CPU
		{D9CC9662-C4AD-4688-A886-8EA35252BCC7}.Debug|Any CPU.ActiveCfg = Debug|Any CPU
		{D9CC9662-C4AD-4688-A886-8EA35252BCC7}.Debug|Any CPU.Build.0 = Debug|Any CPU
		{D9CC9662-C4AD-4688-A886-8EA35252BCC7}.Release|Any CPU.ActiveCfg = Release|Any CPU
		{D9CC9662-C4AD-4688-A886-8EA35252BCC7}.Release|Any CPU.Build.0 = Release|Any CPU
	EndGlobalSection
	GlobalSection(SolutionProperties) = preSolution
		HideSolutionNode = FALSE
	EndGlobalSection
	GlobalSection(ExtensibilityGlobals) = postSolution
		SolutionGuid = {16CE0353-0B11-4EB1-8C8A-AE1C8A7807A2}
	EndGlobalSection
EndGlobal
